
Microsoft Visual Studio Solution File, Format Version 12.00
# Visual Studio Version 16
VisualStudioVersion = 16.0.30413.136
MinimumVisualStudioVersion = 10.0.40219.1
Project("{9A19103F-16F7-4668-BE54-9A1E7A4F7556}") = "Forza Formula Calc", "Forza Formula Calc\Forza Formula Calc.csproj", "{45A5DFE5-5354-4B26-A065-BEFD190CBBF4}"
EndProject
Global
	GlobalSection(SolutionConfigurationPlatforms) = preSolution
		Debug|Any CPU = Debug|Any CPU
		Release|Any CPU = Release|Any CPU
	EndGlobalSection
	GlobalSection(ProjectConfigurationPlatforms) = postSolution
		{45A5DFE5-5354-4B26-A065-BEFD190CBBF4}.Debug|Any CPU.ActiveCfg = Debug|Any CPU
		{45A5DFE5-5354-4B26-A065-BEFD190CBBF4}.Debug|Any CPU.Build.0 = Debug|Any CPU
		{45A5DFE5-5354-4B26-A065-BEFD190CBBF4}.Release|Any CPU.ActiveCfg = Release|Any CPU
		{45A5DFE5-5354-4B26-A065-BEFD190CBBF4}.Release|Any CPU.Build.0 = Release|Any CPU
	EndGlobalSection
	GlobalSection(SolutionProperties) = preSolution
		HideSolutionNode = FALSE
	EndGlobalSection
	GlobalSection(ExtensibilityGlobals) = postSolution
		SolutionGuid = {F1753CF4-7F1D-493E-80D2-59446238CC3A}
	EndGlobalSection
EndGlobal
